
Microsoft Visual Studio Solution File, Format Version 12.00
# Visual Studio Version 17
VisualStudioVersion = 17.9.34701.34
MinimumVisualStudioVersion = 10.0.40219.1
Project("{9A19103F-16F7-4668-BE54-9A1E7A4F7556}") = "BlazorApp21", "BlazorApp21\BlazorApp21\BlazorApp21.csproj", "{13F3407A-D733-4366-AEB0-6EFA0E7F1239}"
EndProject
Project("{9A19103F-16F7-4668-BE54-9A1E7A4F7556}") = "BlazorApp21.Client", "BlazorApp21\BlazorApp21.Client\BlazorApp21.Client.csproj", "{02537FC0-5FEC-416E-A2EB-D3B659A85FB1}"
EndProject
Project("{9A19103F-16F7-4668-BE54-9A1E7A4F7556}") = "Shared Library", "Shared Library\Shared Library.csproj", "{6441CD4E-0E8C-4837-893D-AC2E827CD5F7}"
EndProject
Global
	GlobalSection(SolutionConfigurationPlatforms) = preSolution
		Debug|Any CPU = Debug|Any CPU
		Release|Any CPU = Release|Any CPU
	EndGlobalSection
	GlobalSection(ProjectConfigurationPlatforms) = postSolution
		{13F3407A-D733-4366-AEB0-6EFA0E7F1239}.Debug|Any CPU.ActiveCfg = Debug|Any CPU
		{13F3407A-D733-4366-AEB0-6EFA0E7F1239}.Debug|Any CPU.Build.0 = Debug|Any CPU
		{13F3407A-D733-4366-AEB0-6EFA0E7F1239}.Release|Any CPU.ActiveCfg = Release|Any CPU
		{13F3407A-D733-4366-AEB0-6EFA0E7F1239}.Release|Any CPU.Build.0 = Release|Any CPU
		{02537FC0-5FEC-416E-A2EB-D3B659A85FB1}.Debug|Any CPU.ActiveCfg = Debug|Any CPU
		{02537FC0-5FEC-416E-A2EB-D3B659A85FB1}.Debug|Any CPU.Build.0 = Debug|Any CPU
		{02537FC0-5FEC-416E-A2EB-D3B659A85FB1}.Release|Any CPU.ActiveCfg = Release|Any CPU
		{02537FC0-5FEC-416E-A2EB-D3B659A85FB1}.Release|Any CPU.Build.0 = Release|Any CPU
		{6441CD4E-0E8C-4837-893D-AC2E827CD5F7}.Debug|Any CPU.ActiveCfg = Debug|Any CPU
		{6441CD4E-0E8C-4837-893D-AC2E827CD5F7}.Debug|Any CPU.Build.0 = Debug|Any CPU
		{6441CD4E-0E8C-4837-893D-AC2E827CD5F7}.Release|Any CPU.ActiveCfg = Release|Any CPU
		{6441CD4E-0E8C-4837-893D-AC2E827CD5F7}.Release|Any CPU.Build.0 = Release|Any CPU
	EndGlobalSection
	GlobalSection(SolutionProperties) = preSolution
		HideSolutionNode = FALSE
	EndGlobalSection
	GlobalSection(ExtensibilityGlobals) = postSolution
		SolutionGuid = {91F902E6-6FA5-4C9B-86D0-48132E0FCB3F}
	EndGlobalSection
EndGlobal
